
Microsoft Visual Studio Solution File, Format Version 12.00
# Visual Studio Version 17
VisualStudioVersion = 17.14.36414.22
MinimumVisualStudioVersion = 10.0.40219.1
Project("{FAE04EC0-301F-11D3-BF4B-00C04F79EFBC}") = "Tyuiu.DanilovAS.Sprint0.Task0.V0", "Tyuiu.DanilovAS.Sprint0.Task0.V0\Tyuiu.DanilovAS.Sprint0.Task0.V0.csproj", "{794FB829-3C14-462F-AD73-9091F427C321}"
EndProject
Project("{2150E333-8FDC-42A3-9474-1A3956D46DE8}") = "Task0", "Task0", "{02EA681E-C7D8-13C7-8484-4AC65E1B71E8}"
EndProject
Project("{2150E333-8FDC-42A3-9474-1A3956D46DE8}") = "Task1", "Task1", "{5D21F24C-CC09-4EEE-9A8A-005FAB69178D}"
EndProject
Project("{FAE04EC0-301F-11D3-BF4B-00C04F79EFBC}") = "Tyuiu.DanilovAS.Sprint0.Task1.V0", "Tyuiu.DanilovAS.Sprint0.Task1.V0\Tyuiu.DanilovAS.Sprint0.Task1.V0.csproj", "{30A6C054-DEE9-4EF4-9878-854208489D12}"
EndProject
Project("{2150E333-8FDC-42A3-9474-1A3956D46DE8}") = "Task2", "Task2", "{806C8E66-89B0-41E1-A17B-38FBB77BD80C}"
EndProject
Project("{FAE04EC0-301F-11D3-BF4B-00C04F79EFBC}") = "Tyuiu.DanilovAS.Sprint0.Task2.V0", "Tyuiu.DanilovAS.Sprint0.Task2.V0\Tyuiu.DanilovAS.Sprint0.Task2.V0.csproj", "{C765783C-B9B9-4F7F-9D87-FD98DA71FB9E}"
EndProject
Project("{FAE04EC0-301F-11D3-BF4B-00C04F79EFBC}") = "Tyuiu.DanilovAS.Sprint0.Task2.V0.Test", "Tyuiu.DanilovAS.Sprint0.Task2.V0.Test\Tyuiu.DanilovAS.Sprint0.Task2.V0.Test.csproj", "{80382093-8332-4A85-9EEE-AC872B14DDE9}"
EndProject
Project("{FAE04EC0-301F-11D3-BF4B-00C04F79EFBC}") = "Tyuiu.DanilovAS.Sprint0.Task2.V0.Lib", "Tyuiu.DanilovAS.Sprint0.Task2.V0.Lib\Tyuiu.DanilovAS.Sprint0.Task2.V0.Lib.csproj", "{F21F3921-3D6A-4BED-A8B2-2AE6567EFA9E}"
EndProject
Project("{2150E333-8FDC-42A3-9474-1A3956D46DE8}") = "Task3", "Task3", "{E2BC5EDE-88D3-445B-8993-525BDCB35E82}"
EndProject
Project("{FAE04EC0-301F-11D3-BF4B-00C04F79EFBC}") = "Tyuiu.DanilovAS.Sprint0.Task3.V0", "Tyuiu.DanilovAS.Sprint0.Task3.V0\Tyuiu.DanilovAS.Sprint0.Task3.V0.csproj", "{033FA8E4-1504-4C73-BF3E-2DE547E2DF53}"
EndProject
Project("{FAE04EC0-301F-11D3-BF4B-00C04F79EFBC}") = "Tyuiu.DanilovAS.Sprint0.Task3.V0.Lib", "Tyuiu.DanilovAS.Sprint0.Task3.V0.Lib\Tyuiu.DanilovAS.Sprint0.Task3.V0.Lib.csproj", "{5AAECF97-DFBF-4BC2-B72A-7084728D3044}"
EndProject
Project("{FAE04EC0-301F-11D3-BF4B-00C04F79EFBC}") = "Tyuiu.DanilovAS.Sprint0.Task3.V0.Test", "Tyuiu.DanilovAS.Sprint0.Task3.V0.Test\Tyuiu.DanilovAS.Sprint0.Task3.V0.Test.csproj", "{EC737EC8-881E-42D9-A9D5-2C05B7639775}"
EndProject
Project("{2150E333-8FDC-42A3-9474-1A3956D46DE8}") = "Task4", "Task4", "{58C67671-6FE5-448D-A976-D13D10FDC0E7}"
EndProject
Project("{FAE04EC0-301F-11D3-BF4B-00C04F79EFBC}") = "Tyuiu.DanilovAS.Sprint0.Task4.V0", "Tyuiu.DanilovAS.Sprint0.Task4.V0\Tyuiu.DanilovAS.Sprint0.Task4.V0.csproj", "{69DB0C29-D09C-4559-B85C-5175CAAFD463}"
EndProject
Project("{FAE04EC0-301F-11D3-BF4B-00C04F79EFBC}") = "Tyuiu.DanilovAS.Sprint0.Task4.V0.Lib", "Tyuiu.DanilovAS.Sprint0.Task4.V0.Lib\Tyuiu.DanilovAS.Sprint0.Task4.V0.Lib.csproj", "{5015FB1A-299A-451F-86AD-C69DFCB5B249}"
EndProject
Project("{FAE04EC0-301F-11D3-BF4B-00C04F79EFBC}") = "Tyuiu.DanilovAS.Sprint0.Task4.V0.Test", "Tyuiu.DanilovAS.Sprint0.Task4.V0.Test\Tyuiu.DanilovAS.Sprint0.Task4.V0.Test.csproj", "{189E0A6E-8A80-44BA-960F-7DFE002B42F3}"
EndProject
Project("{2150E333-8FDC-42A3-9474-1A3956D46DE8}") = "Task5", "Task5", "{8C88E9D1-76CE-41D0-A878-3E61F1B25548}"
EndProject
Project("{FAE04EC0-301F-11D3-BF4B-00C04F79EFBC}") = "Tyuiu.DanilovAS.Sprint0.Task5.V0", "Tyuiu.DanilovAS.Sprint0.Task5.V0\Tyuiu.DanilovAS.Sprint0.Task5.V0.csproj", "{4CF4789B-5A71-4982-B63E-EA576558046C}"
EndProject
Project("{FAE04EC0-301F-11D3-BF4B-00C04F79EFBC}") = "Tyuiu.DanilovAS.Sprint0.Task5.V0.Test", "Tyuiu.DanilovAS.Sprint0.Task5.V0.Test\Tyuiu.DanilovAS.Sprint0.Task5.V0.Test.csproj", "{8E26D20C-A70A-4797-893D-161CEC92EF22}"
EndProject
Project("{FAE04EC0-301F-11D3-BF4B-00C04F79EFBC}") = "Tyuiu.DanilovAS.Sprint0.Task5.V0.Lib", "Tyuiu.DanilovAS.Sprint0.Task5.V0.Lib\Tyuiu.DanilovAS.Sprint0.Task5.V0.Lib.csproj", "{18524AC3-819E-49EA-99B4-FDDEDB9D7626}"
EndProject
Project("{2150E333-8FDC-42A3-9474-1A3956D46DE8}") = "Task6", "Task6", "{926B1C12-A29D-4399-BF75-CA0D72C2BBA8}"
EndProject
Project("{FAE04EC0-301F-11D3-BF4B-00C04F79EFBC}") = "Tyuiu.DanilovAS.Sprint0.Task6.V0", "Tyuiu.DanilovAS.Sprint0.Task6.V0\Tyuiu.DanilovAS.Sprint0.Task6.V0.csproj", "{69F63584-3ACD-4FD5-B832-0732214C42BD}"
EndProject
Project("{FAE04EC0-301F-11D3-BF4B-00C04F79EFBC}") = "Tyuiu.DanilovAS.Sprint0.Task6.V0.Lib", "Tyuiu.DanilovAS.Sprint0.Task6.V0.Lib\Tyuiu.DanilovAS.Sprint0.Task6.V0.Lib.csproj", "{D4DE59DC-EA53-426F-ADC7-4DFFF2807B98}"
EndProject
Project("{FAE04EC0-301F-11D3-BF4B-00C04F79EFBC}") = "Tyuiu.DanilovAS.Sprint0.Task6.V0.Test", "Tyuiu.DanilovAS.Sprint0.Task6.V0.Test\Tyuiu.DanilovAS.Sprint0.Task6.V0.Test.csproj", "{2E0ADB58-B321-4EF4-9781-76D24FE6AFCF}"
EndProject
Project("{2150E333-8FDC-42A3-9474-1A3956D46DE8}") = "Task7", "Task7", "{188A6B06-B0FC-4E5B-BDBE-D59FF3C1AD52}"
EndProject
Project("{FAE04EC0-301F-11D3-BF4B-00C04F79EFBC}") = "Tyuiu.DanilovAS.Sprint0.Task7.V0", "Tyuiu.DanilovAS.Sprint0.Task7.V0\Tyuiu.DanilovAS.Sprint0.Task7.V0.csproj", "{C5750B74-B576-45C1-8F42-91023A8E33E5}"
EndProject
Project("{FAE04EC0-301F-11D3-BF4B-00C04F79EFBC}") = "Tyuiu.DanilovAS.Sprint0.Task7.V0.Lib", "Tyuiu.DanilovAS.Sprint0.Task7.V0.Lib\Tyuiu.DanilovAS.Sprint0.Task7.V0.Lib.csproj", "{C13D693D-95EF-4272-BEC4-BB0A7DF2FCFE}"
EndProject
Project("{FAE04EC0-301F-11D3-BF4B-00C04F79EFBC}") = "Tyuiu.DanilovAS.Sprint0.Task7.V0.Test", "Tyuiu.DanilovAS.Sprint0.Task7.V0.Test\Tyuiu.DanilovAS.Sprint0.Task7.V0.Test.csproj", "{1B7FACD6-BC20-4AC7-95C8-1ECB79C27041}"
EndProject
Global
	GlobalSection(SolutionConfigurationPlatforms) = preSolution
		Debug|Any CPU = Debug|Any CPU
		Release|Any CPU = Release|Any CPU
	EndGlobalSection
	GlobalSection(ProjectConfigurationPlatforms) = postSolution
		{794FB829-3C14-462F-AD73-9091F427C321}.Debug|Any CPU.ActiveCfg = Debug|Any CPU
		{794FB829-3C14-462F-AD73-9091F427C321}.Debug|Any CPU.Build.0 = Debug|Any CPU
		{794FB829-3C14-462F-AD73-9091F427C321}.Release|Any CPU.ActiveCfg = Release|Any CPU
		{794FB829-3C14-462F-AD73-9091F427C321}.Release|Any CPU.Build.0 = Release|Any CPU
		{30A6C054-DEE9-4EF4-9878-854208489D12}.Debug|Any CPU.ActiveCfg = Debug|Any CPU
		{30A6C054-DEE9-4EF4-9878-854208489D12}.Debug|Any CPU.Build.0 = Debug|Any CPU
		{30A6C054-DEE9-4EF4-9878-854208489D12}.Release|Any CPU.ActiveCfg = Release|Any CPU
		{30A6C054-DEE9-4EF4-9878-854208489D12}.Release|Any CPU.Build.0 = Release|Any CPU
		{C765783C-B9B9-4F7F-9D87-FD98DA71FB9E}.Debug|Any CPU.ActiveCfg = Debug|Any CPU
		{C765783C-B9B9-4F7F-9D87-FD98DA71FB9E}.Debug|Any CPU.Build.0 = Debug|Any CPU
		{C765783C-B9B9-4F7F-9D87-FD98DA71FB9E}.Release|Any CPU.ActiveCfg = Release|Any CPU
		{C765783C-B9B9-4F7F-9D87-FD98DA71FB9E}.Release|Any CPU.Build.0 = Release|Any CPU
		{80382093-8332-4A85-9EEE-AC872B14DDE9}.Debug|Any CPU.ActiveCfg = Debug|Any CPU
		{80382093-8332-4A85-9EEE-AC872B14DDE9}.Debug|Any CPU.Build.0 = Debug|Any CPU
		{80382093-8332-4A85-9EEE-AC872B14DDE9}.Release|Any CPU.ActiveCfg = Release|Any CPU
		{80382093-8332-4A85-9EEE-AC872B14DDE9}.Release|Any CPU.Build.0 = Release|Any CPU
		{F21F3921-3D6A-4BED-A8B2-2AE6567EFA9E}.Debug|Any CPU.ActiveCfg = Debug|Any CPU
		{F21F3921-3D6A-4BED-A8B2-2AE6567EFA9E}.Debug|Any CPU.Build.0 = Debug|Any CPU
		{F21F3921-3D6A-4BED-A8B2-2AE6567EFA9E}.Release|Any CPU.ActiveCfg = Release|Any CPU
		{F21F3921-3D6A-4BED-A8B2-2AE6567EFA9E}.Release|Any CPU.Build.0 = Release|Any CPU
		{033FA8E4-1504-4C73-BF3E-2DE547E2DF53}.Debug|Any CPU.ActiveCfg = Debug|Any CPU
		{033FA8E4-1504-4C73-BF3E-2DE547E2DF53}.Debug|Any CPU.Build.0 = Debug|Any CPU
		{033FA8E4-1504-4C73-BF3E-2DE547E2DF53}.Release|Any CPU.ActiveCfg = Release|Any CPU
		{033FA8E4-1504-4C73-BF3E-2DE547E2DF53}.Release|Any CPU.Build.0 = Release|Any CPU
		{5AAECF97-DFBF-4BC2-B72A-7084728D3044}.Debug|Any CPU.ActiveCfg = Debug|Any CPU
		{5AAECF97-DFBF-4BC2-B72A-7084728D3044}.Debug|Any CPU.Build.0 = Debug|Any CPU
		{5AAECF97-DFBF-4BC2-B72A-7084728D3044}.Release|Any CPU.ActiveCfg = Release|Any CPU
		{5AAECF97-DFBF-4BC2-B72A-7084728D3044}.Release|Any CPU.Build.0 = Release|Any CPU
		{EC737EC8-881E-42D9-A9D5-2C05B7639775}.Debug|Any CPU.ActiveCfg = Debug|Any CPU
		{EC737EC8-881E-42D9-A9D5-2C05B7639775}.Debug|Any CPU.Build.0 = Debug|Any CPU
		{EC737EC8-881E-42D9-A9D5-2C05B7639775}.Release|Any CPU.ActiveCfg = Release|Any CPU
		{EC737EC8-881E-42D9-A9D5-2C05B7639775}.Release|Any CPU.Build.0 = Release|Any CPU
		{69DB0C29-D09C-4559-B85C-5175CAAFD463}.Debug|Any CPU.ActiveCfg = Debug|Any CPU
		{69DB0C29-D09C-4559-B85C-5175CAAFD463}.Debug|Any CPU.Build.0 = Debug|Any CPU
		{69DB0C29-D09C-4559-B85C-5175CAAFD463}.Release|Any CPU.ActiveCfg = Release|Any CPU
		{69DB0C29-D09C-4559-B85C-5175CAAFD463}.Release|Any CPU.Build.0 = Release|Any CPU
		{5015FB1A-299A-451F-86AD-C69DFCB5B249}.Debug|Any CPU.ActiveCfg = Debug|Any CPU
		{5015FB1A-299A-451F-86AD-C69DFCB5B249}.Debug|Any CPU.Build.0 = Debug|Any CPU
		{5015FB1A-299A-451F-86AD-C69DFCB5B249}.Release|Any CPU.ActiveCfg = Release|Any CPU
		{5015FB1A-299A-451F-86AD-C69DFCB5B249}.Release|Any CPU.Build.0 = Release|Any CPU
		{189E0A6E-8A80-44BA-960F-7DFE002B42F3}.Debug|Any CPU.ActiveCfg = Debug|Any CPU
		{189E0A6E-8A80-44BA-960F-7DFE002B42F3}.Debug|Any CPU.Build.0 = Debug|Any CPU
		{189E0A6E-8A80-44BA-960F-7DFE002B42F3}.Release|Any CPU.ActiveCfg = Release|Any CPU
		{189E0A6E-8A80-44BA-960F-7DFE002B42F3}.Release|Any CPU.Build.0 = Release|Any CPU
		{4CF4789B-5A71-4982-B63E-EA576558046C}.Debug|Any CPU.ActiveCfg = Debug|Any CPU
		{4CF4789B-5A71-4982-B63E-EA576558046C}.Debug|Any CPU.Build.0 = Debug|Any CPU
		{4CF4789B-5A71-4982-B63E-EA576558046C}.Release|Any CPU.ActiveCfg = Release|Any CPU
		{4CF4789B-5A71-4982-B63E-EA576558046C}.Release|Any CPU.Build.0 = Release|Any CPU
		{8E26D20C-A70A-4797-893D-161CEC92EF22}.Debug|Any CPU.ActiveCfg = Debug|Any CPU
		{8E26D20C-A70A-4797-893D-161CEC92EF22}.Debug|Any CPU.Build.0 = Debug|Any CPU
		{8E26D20C-A70A-4797-893D-161CEC92EF22}.Release|Any CPU.ActiveCfg = Release|Any CPU
		{8E26D20C-A70A-4797-893D-161CEC92EF22}.Release|Any CPU.Build.0 = Release|Any CPU
		{18524AC3-819E-49EA-99B4-FDDEDB9D7626}.Debug|Any CPU.ActiveCfg = Debug|Any CPU
		{18524AC3-819E-49EA-99B4-FDDEDB9D7626}.Debug|Any CPU.Build.0 = Debug|Any CPU
		{18524AC3-819E-49EA-99B4-FDDEDB9D7626}.Release|Any CPU.ActiveCfg = Release|Any CPU
		{18524AC3-819E-49EA-99B4-FDDEDB9D7626}.Release|Any CPU.Build.0 = Release|Any CPU
		{69F63584-3ACD-4FD5-B832-0732214C42BD}.Debug|Any CPU.ActiveCfg = Debug|Any CPU
		{69F63584-3ACD-4FD5-B832-0732214C42BD}.Debug|Any CPU.Build.0 = Debug|Any CPU
		{69F63584-3ACD-4FD5-B832-0732214C42BD}.Release|Any CPU.ActiveCfg = Release|Any CPU
		{69F63584-3ACD-4FD5-B832-0732214C42BD}.Release|Any CPU.Build.0 = Release|Any CPU
		{D4DE59DC-EA53-426F-ADC7-4DFFF2807B98}.Debug|Any CPU.ActiveCfg = Debug|Any CPU
		{D4DE59DC-EA53-426F-ADC7-4DFFF2807B98}.Debug|Any CPU.Build.0 = Debug|Any CPU
		{D4DE59DC-EA53-426F-ADC7-4DFFF2807B98}.Release|Any CPU.ActiveCfg = Release|Any CPU
		{D4DE59DC-EA53-426F-ADC7-4DFFF2807B98}.Release|Any CPU.Build.0 = Release|Any CPU
		{2E0ADB58-B321-4EF4-9781-76D24FE6AFCF}.Debug|Any CPU.ActiveCfg = Debug|Any CPU
		{2E0ADB58-B321-4EF4-9781-76D24FE6AFCF}.Debug|Any CPU.Build.0 = Debug|Any CPU
		{2E0ADB58-B321-4EF4-9781-76D24FE6AFCF}.Release|Any CPU.ActiveCfg = Release|Any CPU
		{2E0ADB58-B321-4EF4-9781-76D24FE6AFCF}.Release|Any CPU.Build.0 = Release|Any CPU
		{C5750B74-B576-45C1-8F42-91023A8E33E5}.Debug|Any CPU.ActiveCfg = Debug|Any CPU
		{C5750B74-B576-45C1-8F42-91023A8E33E5}.Debug|Any CPU.Build.0 = Debug|Any CPU
		{C5750B74-B576-45C1-8F42-91023A8E33E5}.Release|Any CPU.ActiveCfg = Release|Any CPU
		{C5750B74-B576-45C1-8F42-91023A8E33E5}.Release|Any CPU.Build.0 = Release|Any CPU
		{C13D693D-95EF-4272-BEC4-BB0A7DF2FCFE}.Debug|Any CPU.ActiveCfg = Debug|Any CPU
		{C13D693D-95EF-4272-BEC4-BB0A7DF2FCFE}.Debug|Any CPU.Build.0 = Debug|Any CPU
		{C13D693D-95EF-4272-BEC4-BB0A7DF2FCFE}.Release|Any CPU.ActiveCfg = Release|Any CPU
		{C13D693D-95EF-4272-BEC4-BB0A7DF2FCFE}.Release|Any CPU.Build.0 = Release|Any CPU
		{1B7FACD6-BC20-4AC7-95C8-1ECB79C27041}.Debug|Any CPU.ActiveCfg = Debug|Any CPU
		{1B7FACD6-BC20-4AC7-95C8-1ECB79C27041}.Debug|Any CPU.Build.0 = Debug|Any CPU
		{1B7FACD6-BC20-4AC7-95C8-1ECB79C27041}.Release|Any CPU.ActiveCfg = Release|Any CPU
		{1B7FACD6-BC20-4AC7-95C8-1ECB79C27041}.Release|Any CPU.Build.0 = Release|Any CPU
	EndGlobalSection
	GlobalSection(SolutionProperties) = preSolution
		HideSolutionNode = FALSE
	EndGlobalSection
	GlobalSection(NestedProjects) = preSolution
		{794FB829-3C14-462F-AD73-9091F427C321} = {02EA681E-C7D8-13C7-8484-4AC65E1B71E8}
		{30A6C054-DEE9-4EF4-9878-854208489D12} = {5D21F24C-CC09-4EEE-9A8A-005FAB69178D}
		{C765783C-B9B9-4F7F-9D87-FD98DA71FB9E} = {806C8E66-89B0-41E1-A17B-38FBB77BD80C}
		{80382093-8332-4A85-9EEE-AC872B14DDE9} = {806C8E66-89B0-41E1-A17B-38FBB77BD80C}
		{F21F3921-3D6A-4BED-A8B2-2AE6567EFA9E} = {806C8E66-89B0-41E1-A17B-38FBB77BD80C}
		{033FA8E4-1504-4C73-BF3E-2DE547E2DF53} = {E2BC5EDE-88D3-445B-8993-525BDCB35E82}
		{5AAECF97-DFBF-4BC2-B72A-7084728D3044} = {E2BC5EDE-88D3-445B-8993-525BDCB35E82}
		{EC737EC8-881E-42D9-A9D5-2C05B7639775} = {E2BC5EDE-88D3-445B-8993-525BDCB35E82}
		{69DB0C29-D09C-4559-B85C-5175CAAFD463} = {58C67671-6FE5-448D-A976-D13D10FDC0E7}
		{5015FB1A-299A-451F-86AD-C69DFCB5B249} = {58C67671-6FE5-448D-A976-D13D10FDC0E7}
		{189E0A6E-8A80-44BA-960F-7DFE002B42F3} = {58C67671-6FE5-448D-A976-D13D10FDC0E7}
		{4CF4789B-5A71-4982-B63E-EA576558046C} = {8C88E9D1-76CE-41D0-A878-3E61F1B25548}
		{8E26D20C-A70A-4797-893D-161CEC92EF22} = {8C88E9D1-76CE-41D0-A878-3E61F1B25548}
		{18524AC3-819E-49EA-99B4-FDDEDB9D7626} = {8C88E9D1-76CE-41D0-A878-3E61F1B25548}
		{69F63584-3ACD-4FD5-B832-0732214C42BD} = {926B1C12-A29D-4399-BF75-CA0D72C2BBA8}
		{D4DE59DC-EA53-426F-ADC7-4DFFF2807B98} = {926B1C12-A29D-4399-BF75-CA0D72C2BBA8}
		{2E0ADB58-B321-4EF4-9781-76D24FE6AFCF} = {926B1C12-A29D-4399-BF75-CA0D72C2BBA8}
		{C5750B74-B576-45C1-8F42-91023A8E33E5} = {188A6B06-B0FC-4E5B-BDBE-D59FF3C1AD52}
		{C13D693D-95EF-4272-BEC4-BB0A7DF2FCFE} = {188A6B06-B0FC-4E5B-BDBE-D59FF3C1AD52}
		{1B7FACD6-BC20-4AC7-95C8-1ECB79C27041} = {188A6B06-B0FC-4E5B-BDBE-D59FF3C1AD52}
	EndGlobalSection
	GlobalSection(ExtensibilityGlobals) = postSolution
		SolutionGuid = {35A35F57-293A-4F49-841B-FCD53C0FC1AB}
	EndGlobalSection
EndGlobal
